{
  "version": "v1",
  "packages": {
    "@alkuip/forms": {
      "signature": "9624d376bb0c141039d61e31c125efb4",
      "file": true,
      "replaced": "^3.0.21"
    },
    "@alkuip/charts": {
      "signature": "e7a319eb319d367f2e097a696ae9a4f0",
      "file": true,
      "replaced": "^3.0.21"
    },
    "@alkuip/core": {
      "signature": "0fdf120b984796dcb0160d5561b3a7cb",
      "file": true,
      "replaced": "^3.0.21"
    },
    "@alkuip/tables": {
      "signature": "dbd9326c530deb0acf128d58a03a9f61",
      "file": true,
      "replaced": "^3.0.21"
    },
    "@alkuip/visualization": {
      "signature": "cb55f48e8eec09e1027f85ee4191617b",
      "file": true,
      "replaced": "^3.0.21"
    },
    "@alkuip/maps": {
      "signature": "a19ac787c6f97fefb5d86f25d2425bc1",
      "file": true,
      "replaced": "^3.0.21"
    },
    "@alkuip/jsonforms": {
      "signature": "a5ffef57019c8c822ab9ba98e609e9dc",
      "file": true,
      "replaced": "^3.0.21"
    }
  }
}